
Microsoft Visual Studio Solution File, Format Version 12.00
# Visual Studio Version 16
VisualStudioVersion = 16.0.33920.266
MinimumVisualStudioVersion = 10.0.40219.1
Project("{FAE04EC0-301F-11D3-BF4B-00C04F79EFBC}") = "AdvertisementApp.Common", "AdvertisementApp.Common\AdvertisementApp.Common.csproj", "{400D9D34-E47B-4AF7-A011-4D5E4DC0CEE5}"
EndProject
Project("{FAE04EC0-301F-11D3-BF4B-00C04F79EFBC}") = "AdvertisementApp.Entities", "AdvertisementApp.Entities\AdvertisementApp.Entities.csproj", "{A42C4552-0121-4152-A911-2C09C23A910F}"
EndProject
Project("{FAE04EC0-301F-11D3-BF4B-00C04F79EFBC}") = "AdvertisementApp.DataAccess", "AdvertisementApp.DataAccess\AdvertisementApp.DataAccess.csproj", "{AEA24CD5-73C0-44DD-9586-A1E229ED19BD}"
EndProject
Global
	GlobalSection(SolutionConfigurationPlatforms) = preSolution
		Debug|Any CPU = Debug|Any CPU
		Release|Any CPU = Release|Any CPU
	EndGlobalSection
	GlobalSection(ProjectConfigurationPlatforms) = postSolution
		{400D9D34-E47B-4AF7-A011-4D5E4DC0CEE5}.Debug|Any CPU.ActiveCfg = Debug|Any CPU
		{400D9D34-E47B-4AF7-A011-4D5E4DC0CEE5}.Debug|Any CPU.Build.0 = Debug|Any CPU
		{400D9D34-E47B-4AF7-A011-4D5E4DC0CEE5}.Release|Any CPU.ActiveCfg = Release|Any CPU
		{400D9D34-E47B-4AF7-A011-4D5E4DC0CEE5}.Release|Any CPU.Build.0 = Release|Any CPU
		{A42C4552-0121-4152-A911-2C09C23A910F}.Debug|Any CPU.ActiveCfg = Debug|Any CPU
		{A42C4552-0121-4152-A911-2C09C23A910F}.Debug|Any CPU.Build.0 = Debug|Any CPU
		{A42C4552-0121-4152-A911-2C09C23A910F}.Release|Any CPU.ActiveCfg = Release|Any CPU
		{A42C4552-0121-4152-A911-2C09C23A910F}.Release|Any CPU.Build.0 = Release|Any CPU
		{AEA24CD5-73C0-44DD-9586-A1E229ED19BD}.Debug|Any CPU.ActiveCfg = Debug|Any CPU
		{AEA24CD5-73C0-44DD-9586-A1E229ED19BD}.Debug|Any CPU.Build.0 = Debug|Any CPU
		{AEA24CD5-73C0-44DD-9586-A1E229ED19BD}.Release|Any CPU.ActiveCfg = Release|Any CPU
		{AEA24CD5-73C0-44DD-9586-A1E229ED19BD}.Release|Any CPU.Build.0 = Release|Any CPU
	EndGlobalSection
	GlobalSection(SolutionProperties) = preSolution
		HideSolutionNode = FALSE
	EndGlobalSection
	GlobalSection(ExtensibilityGlobals) = postSolution
		SolutionGuid = {613AE650-9121-416A-8BAD-28046E49D75E}
	EndGlobalSection
EndGlobal
